{
  "requires": true,
  "lockfileVersion": 1,
  "dependencies": {
    "ndarmyserver-palindrome": {
      "version": "0.1.0",
      "resolved": "https://registry.npmjs.org/ndarmyserver-palindrome/-/ndarmyserver-palindrome-0.1.0.tgz",
      "integrity": "sha512-wquRuMIPRE2cVjN5ws32Xu8YzWMQOnLHhohLPicWN54tw3rEFR3GZnVxfnLZnD5m/TE26J2eTxR/Sn0CGuo9zw=="
    }
  }
}
