{
  "requires": true,
  "lockfileVersion": 1,
  "dependencies": {
    "ndarmyserver-palindrome": {
      "version": "0.1.1",
      "resolved": "https://registry.npmjs.org/ndarmyserver-palindrome/-/ndarmyserver-palindrome-0.1.1.tgz",
      "integrity": "sha512-UeXpdttk1ADNLqzF4UWgbH9UMoM1Yp5Ap4r4BFf2mG0S5iGwtYOQ5ssYUjUHWHQX7Zco3PVtateWjHq4FYj0nw=="
    }
  }
}
